
Microsoft Visual Studio Solution File, Format Version 12.00
# Visual Studio Version 17
VisualStudioVersion = 17.9.34728.123
MinimumVisualStudioVersion = 10.0.40219.1
Project("{FAE04EC0-301F-11D3-BF4B-00C04F79EFBC}") = "notes.UWP", "notes.UWP\notes.UWP.csproj", "{D56A1A0C-DD92-4EA1-846A-EAB3B62D6536}"
EndProject
Project("{FAE04EC0-301F-11D3-BF4B-00C04F79EFBC}") = "notes.Android", "notes.Android\notes.Android.csproj", "{B3A2B46C-9852-40B3-93A6-DF9A23251A23}"
EndProject
Project("{FAE04EC0-301F-11D3-BF4B-00C04F79EFBC}") = "notes.iOS", "notes.iOS\notes.iOS.csproj", "{4938E598-2FBD-48DE-AA6B-7A96D967D8E1}"
EndProject
Project("{FAE04EC0-301F-11D3-BF4B-00C04F79EFBC}") = "notes", "notes\notes.csproj", "{A43C4C63-A8C1-4EEC-BD2B-F24098B7918F}"
EndProject
Global
	GlobalSection(SolutionConfigurationPlatforms) = preSolution
		Debug|Any CPU = Debug|Any CPU
		Debug|ARM = Debug|ARM
		Debug|iPhone = Debug|iPhone
		Debug|iPhoneSimulator = Debug|iPhoneSimulator
		Debug|x64 = Debug|x64
		Debug|x86 = Debug|x86
		Release|Any CPU = Release|Any CPU
		Release|ARM = Release|ARM
		Release|iPhone = Release|iPhone
		Release|iPhoneSimulator = Release|iPhoneSimulator
		Release|x64 = Release|x64
		Release|x86 = Release|x86
	EndGlobalSection
	GlobalSection(ProjectConfigurationPlatforms) = postSolution
		{D56A1A0C-DD92-4EA1-846A-EAB3B62D6536}.Debug|Any CPU.ActiveCfg = Debug|x64
		{D56A1A0C-DD92-4EA1-846A-EAB3B62D6536}.Debug|ARM.ActiveCfg = Debug|ARM
		{D56A1A0C-DD92-4EA1-846A-EAB3B62D6536}.Debug|ARM.Build.0 = Debug|ARM
		{D56A1A0C-DD92-4EA1-846A-EAB3B62D6536}.Debug|ARM.Deploy.0 = Debug|ARM
		{D56A1A0C-DD92-4EA1-846A-EAB3B62D6536}.Debug|iPhone.ActiveCfg = Debug|x64
		{D56A1A0C-DD92-4EA1-846A-EAB3B62D6536}.Debug|iPhoneSimulator.ActiveCfg = Debug|x64
		{D56A1A0C-DD92-4EA1-846A-EAB3B62D6536}.Debug|x64.ActiveCfg = Debug|x64
		{D56A1A0C-DD92-4EA1-846A-EAB3B62D6536}.Debug|x64.Build.0 = Debug|x64
		{D56A1A0C-DD92-4EA1-846A-EAB3B62D6536}.Debug|x64.Deploy.0 = Debug|x64
		{D56A1A0C-DD92-4EA1-846A-EAB3B62D6536}.Debug|x86.ActiveCfg = Debug|x86
		{D56A1A0C-DD92-4EA1-846A-EAB3B62D6536}.Debug|x86.Build.0 = Debug|x86
		{D56A1A0C-DD92-4EA1-846A-EAB3B62D6536}.Debug|x86.Deploy.0 = Debug|x86
		{D56A1A0C-DD92-4EA1-846A-EAB3B62D6536}.Release|Any CPU.ActiveCfg = Release|x64
		{D56A1A0C-DD92-4EA1-846A-EAB3B62D6536}.Release|ARM.ActiveCfg = Release|ARM
		{D56A1A0C-DD92-4EA1-846A-EAB3B62D6536}.Release|ARM.Build.0 = Release|ARM
		{D56A1A0C-DD92-4EA1-846A-EAB3B62D6536}.Release|ARM.Deploy.0 = Release|ARM
		{D56A1A0C-DD92-4EA1-846A-EAB3B62D6536}.Release|iPhone.ActiveCfg = Release|x64
		{D56A1A0C-DD92-4EA1-846A-EAB3B62D6536}.Release|iPhoneSimulator.ActiveCfg = Release|x64
		{D56A1A0C-DD92-4EA1-846A-EAB3B62D6536}.Release|x64.ActiveCfg = Release|x64
		{D56A1A0C-DD92-4EA1-846A-EAB3B62D6536}.Release|x64.Build.0 = Release|x64
		{D56A1A0C-DD92-4EA1-846A-EAB3B62D6536}.Release|x64.Deploy.0 = Release|x64
		{D56A1A0C-DD92-4EA1-846A-EAB3B62D6536}.Release|x86.ActiveCfg = Release|x86
		{D56A1A0C-DD92-4EA1-846A-EAB3B62D6536}.Release|x86.Build.0 = Release|x86
		{D56A1A0C-DD92-4EA1-846A-EAB3B62D6536}.Release|x86.Deploy.0 = Release|x86
		{B3A2B46C-9852-40B3-93A6-DF9A23251A23}.Debug|Any CPU.ActiveCfg = Debug|Any CPU
		{B3A2B46C-9852-40B3-93A6-DF9A23251A23}.Debug|Any CPU.Build.0 = Debug|Any CPU
		{B3A2B46C-9852-40B3-93A6-DF9A23251A23}.Debug|Any CPU.Deploy.0 = Debug|Any CPU
		{B3A2B46C-9852-40B3-93A6-DF9A23251A23}.Debug|ARM.ActiveCfg = Debug|Any CPU
		{B3A2B46C-9852-40B3-93A6-DF9A23251A23}.Debug|ARM.Build.0 = Debug|Any CPU
		{B3A2B46C-9852-40B3-93A6-DF9A23251A23}.Debug|ARM.Deploy.0 = Debug|Any CPU
		{B3A2B46C-9852-40B3-93A6-DF9A23251A23}.Debug|iPhone.ActiveCfg = Debug|Any CPU
		{B3A2B46C-9852-40B3-93A6-DF9A23251A23}.Debug|iPhone.Build.0 = Debug|Any CPU
		{B3A2B46C-9852-40B3-93A6-DF9A23251A23}.Debug|iPhone.Deploy.0 = Debug|Any CPU
		{B3A2B46C-9852-40B3-93A6-DF9A23251A23}.Debug|iPhoneSimulator.ActiveCfg = Debug|Any CPU
		{B3A2B46C-9852-40B3-93A6-DF9A23251A23}.Debug|iPhoneSimulator.Build.0 = Debug|Any CPU
		{B3A2B46C-9852-40B3-93A6-DF9A23251A23}.Debug|iPhoneSimulator.Deploy.0 = Debug|Any CPU
		{B3A2B46C-9852-40B3-93A6-DF9A23251A23}.Debug|x64.ActiveCfg = Debug|Any CPU
		{B3A2B46C-9852-40B3-93A6-DF9A23251A23}.Debug|x64.Build.0 = Debug|Any CPU
		{B3A2B46C-9852-40B3-93A6-DF9A23251A23}.Debug|x64.Deploy.0 = Debug|Any CPU
		{B3A2B46C-9852-40B3-93A6-DF9A23251A23}.Debug|x86.ActiveCfg = Debug|Any CPU
		{B3A2B46C-9852-40B3-93A6-DF9A23251A23}.Debug|x86.Build.0 = Debug|Any CPU
		{B3A2B46C-9852-40B3-93A6-DF9A23251A23}.Debug|x86.Deploy.0 = Debug|Any CPU
		{B3A2B46C-9852-40B3-93A6-DF9A23251A23}.Release|Any CPU.ActiveCfg = Release|Any CPU
		{B3A2B46C-9852-40B3-93A6-DF9A23251A23}.Release|Any CPU.Build.0 = Release|Any CPU
		{B3A2B46C-9852-40B3-93A6-DF9A23251A23}.Release|Any CPU.Deploy.0 = Release|Any CPU
		{B3A2B46C-9852-40B3-93A6-DF9A23251A23}.Release|ARM.ActiveCfg = Release|Any CPU
		{B3A2B46C-9852-40B3-93A6-DF9A23251A23}.Release|ARM.Build.0 = Release|Any CPU
		{B3A2B46C-9852-40B3-93A6-DF9A23251A23}.Release|ARM.Deploy.0 = Release|Any CPU
		{B3A2B46C-9852-40B3-93A6-DF9A23251A23}.Release|iPhone.ActiveCfg = Release|Any CPU
		{B3A2B46C-9852-40B3-93A6-DF9A23251A23}.Release|iPhone.Build.0 = Release|Any CPU
		{B3A2B46C-9852-40B3-93A6-DF9A23251A23}.Release|iPhone.Deploy.0 = Release|Any CPU
		{B3A2B46C-9852-40B3-93A6-DF9A23251A23}.Release|iPhoneSimulator.ActiveCfg = Release|Any CPU
		{B3A2B46C-9852-40B3-93A6-DF9A23251A23}.Release|iPhoneSimulator.Build.0 = Release|Any CPU
		{B3A2B46C-9852-40B3-93A6-DF9A23251A23}.Release|iPhoneSimulator.Deploy.0 = Release|Any CPU
		{B3A2B46C-9852-40B3-93A6-DF9A23251A23}.Release|x64.ActiveCfg = Release|Any CPU
		{B3A2B46C-9852-40B3-93A6-DF9A23251A23}.Release|x64.Build.0 = Release|Any CPU
		{B3A2B46C-9852-40B3-93A6-DF9A23251A23}.Release|x64.Deploy.0 = Release|Any CPU
		{B3A2B46C-9852-40B3-93A6-DF9A23251A23}.Release|x86.ActiveCfg = Release|Any CPU
		{B3A2B46C-9852-40B3-93A6-DF9A23251A23}.Release|x86.Build.0 = Release|Any CPU
		{B3A2B46C-9852-40B3-93A6-DF9A23251A23}.Release|x86.Deploy.0 = Release|Any CPU
		{4938E598-2FBD-48DE-AA6B-7A96D967D8E1}.Debug|Any CPU.ActiveCfg = Debug|iPhoneSimulator
		{4938E598-2FBD-48DE-AA6B-7A96D967D8E1}.Debug|Any CPU.Build.0 = Debug|iPhoneSimulator
		{4938E598-2FBD-48DE-AA6B-7A96D967D8E1}.Debug|Any CPU.Deploy.0 = Debug|iPhoneSimulator
		{4938E598-2FBD-48DE-AA6B-7A96D967D8E1}.Debug|ARM.ActiveCfg = Debug|iPhoneSimulator
		{4938E598-2FBD-48DE-AA6B-7A96D967D8E1}.Debug|ARM.Build.0 = Debug|iPhoneSimulator
		{4938E598-2FBD-48DE-AA6B-7A96D967D8E1}.Debug|ARM.Deploy.0 = Debug|iPhoneSimulator
		{4938E598-2FBD-48DE-AA6B-7A96D967D8E1}.Debug|iPhone.ActiveCfg = Debug|iPhone
		{4938E598-2FBD-48DE-AA6B-7A96D967D8E1}.Debug|iPhone.Build.0 = Debug|iPhone
		{4938E598-2FBD-48DE-AA6B-7A96D967D8E1}.Debug|iPhone.Deploy.0 = Debug|iPhone
		{4938E598-2FBD-48DE-AA6B-7A96D967D8E1}.Debug|iPhoneSimulator.ActiveCfg = Debug|iPhoneSimulator
		{4938E598-2FBD-48DE-AA6B-7A96D967D8E1}.Debug|iPhoneSimulator.Build.0 = Debug|iPhoneSimulator
		{4938E598-2FBD-48DE-AA6B-7A96D967D8E1}.Debug|iPhoneSimulator.Deploy.0 = Debug|iPhoneSimulator
		{4938E598-2FBD-48DE-AA6B-7A96D967D8E1}.Debug|x64.ActiveCfg = Debug|iPhone
		{4938E598-2FBD-48DE-AA6B-7A96D967D8E1}.Debug|x64.Build.0 = Debug|iPhone
		{4938E598-2FBD-48DE-AA6B-7A96D967D8E1}.Debug|x64.Deploy.0 = Debug|iPhone
		{4938E598-2FBD-48DE-AA6B-7A96D967D8E1}.Debug|x86.ActiveCfg = Debug|iPhoneSimulator
		{4938E598-2FBD-48DE-AA6B-7A96D967D8E1}.Debug|x86.Build.0 = Debug|iPhoneSimulator
		{4938E598-2FBD-48DE-AA6B-7A96D967D8E1}.Debug|x86.Deploy.0 = Debug|iPhoneSimulator
		{4938E598-2FBD-48DE-AA6B-7A96D967D8E1}.Release|Any CPU.ActiveCfg = Release|iPhoneSimulator
		{4938E598-2FBD-48DE-AA6B-7A96D967D8E1}.Release|Any CPU.Build.0 = Release|iPhoneSimulator
		{4938E598-2FBD-48DE-AA6B-7A96D967D8E1}.Release|Any CPU.Deploy.0 = Release|iPhoneSimulator
		{4938E598-2FBD-48DE-AA6B-7A96D967D8E1}.Release|ARM.ActiveCfg = Release|iPhoneSimulator
		{4938E598-2FBD-48DE-AA6B-7A96D967D8E1}.Release|ARM.Build.0 = Release|iPhoneSimulator
		{4938E598-2FBD-48DE-AA6B-7A96D967D8E1}.Release|ARM.Deploy.0 = Release|iPhoneSimulator
		{4938E598-2FBD-48DE-AA6B-7A96D967D8E1}.Release|iPhone.ActiveCfg = Release|iPhone
		{4938E598-2FBD-48DE-AA6B-7A96D967D8E1}.Release|iPhone.Build.0 = Release|iPhone
		{4938E598-2FBD-48DE-AA6B-7A96D967D8E1}.Release|iPhone.Deploy.0 = Release|iPhone
		{4938E598-2FBD-48DE-AA6B-7A96D967D8E1}.Release|iPhoneSimulator.ActiveCfg = Release|iPhoneSimulator
		{4938E598-2FBD-48DE-AA6B-7A96D967D8E1}.Release|iPhoneSimulator.Build.0 = Release|iPhoneSimulator
		{4938E598-2FBD-48DE-AA6B-7A96D967D8E1}.Release|iPhoneSimulator.Deploy.0 = Release|iPhoneSimulator
		{4938E598-2FBD-48DE-AA6B-7A96D967D8E1}.Release|x64.ActiveCfg = Release|iPhoneSimulator
		{4938E598-2FBD-48DE-AA6B-7A96D967D8E1}.Release|x64.Build.0 = Release|iPhoneSimulator
		{4938E598-2FBD-48DE-AA6B-7A96D967D8E1}.Release|x64.Deploy.0 = Release|iPhoneSimulator
		{4938E598-2FBD-48DE-AA6B-7A96D967D8E1}.Release|x86.ActiveCfg = Release|iPhoneSimulator
		{4938E598-2FBD-48DE-AA6B-7A96D967D8E1}.Release|x86.Build.0 = Release|iPhoneSimulator
		{4938E598-2FBD-48DE-AA6B-7A96D967D8E1}.Release|x86.Deploy.0 = Release|iPhoneSimulator
		{A43C4C63-A8C1-4EEC-BD2B-F24098B7918F}.Debug|Any CPU.ActiveCfg = Debug|Any CPU
		{A43C4C63-A8C1-4EEC-BD2B-F24098B7918F}.Debug|Any CPU.Build.0 = Debug|Any CPU
		{A43C4C63-A8C1-4EEC-BD2B-F24098B7918F}.Debug|Any CPU.Deploy.0 = Debug|Any CPU
		{A43C4C63-A8C1-4EEC-BD2B-F24098B7918F}.Debug|ARM.ActiveCfg = Debug|Any CPU
		{A43C4C63-A8C1-4EEC-BD2B-F24098B7918F}.Debug|ARM.Build.0 = Debug|Any CPU
		{A43C4C63-A8C1-4EEC-BD2B-F24098B7918F}.Debug|ARM.Deploy.0 = Debug|Any CPU
		{A43C4C63-A8C1-4EEC-BD2B-F24098B7918F}.Debug|iPhone.ActiveCfg = Debug|Any CPU
		{A43C4C63-A8C1-4EEC-BD2B-F24098B7918F}.Debug|iPhone.Build.0 = Debug|Any CPU
		{A43C4C63-A8C1-4EEC-BD2B-F24098B7918F}.Debug|iPhone.Deploy.0 = Debug|Any CPU
		{A43C4C63-A8C1-4EEC-BD2B-F24098B7918F}.Debug|iPhoneSimulator.ActiveCfg = Debug|Any CPU
		{A43C4C63-A8C1-4EEC-BD2B-F24098B7918F}.Debug|iPhoneSimulator.Build.0 = Debug|Any CPU
		{A43C4C63-A8C1-4EEC-BD2B-F24098B7918F}.Debug|iPhoneSimulator.Deploy.0 = Debug|Any CPU
		{A43C4C63-A8C1-4EEC-BD2B-F24098B7918F}.Debug|x64.ActiveCfg = Debug|Any CPU
		{A43C4C63-A8C1-4EEC-BD2B-F24098B7918F}.Debug|x64.Build.0 = Debug|Any CPU
		{A43C4C63-A8C1-4EEC-BD2B-F24098B7918F}.Debug|x64.Deploy.0 = Debug|Any CPU
		{A43C4C63-A8C1-4EEC-BD2B-F24098B7918F}.Debug|x86.ActiveCfg = Debug|Any CPU
		{A43C4C63-A8C1-4EEC-BD2B-F24098B7918F}.Debug|x86.Build.0 = Debug|Any CPU
		{A43C4C63-A8C1-4EEC-BD2B-F24098B7918F}.Debug|x86.Deploy.0 = Debug|Any CPU
		{A43C4C63-A8C1-4EEC-BD2B-F24098B7918F}.Release|Any CPU.ActiveCfg = Release|Any CPU
		{A43C4C63-A8C1-4EEC-BD2B-F24098B7918F}.Release|Any CPU.Build.0 = Release|Any CPU
		{A43C4C63-A8C1-4EEC-BD2B-F24098B7918F}.Release|Any CPU.Deploy.0 = Release|Any CPU
		{A43C4C63-A8C1-4EEC-BD2B-F24098B7918F}.Release|ARM.ActiveCfg = Release|Any CPU
		{A43C4C63-A8C1-4EEC-BD2B-F24098B7918F}.Release|ARM.Build.0 = Release|Any CPU
		{A43C4C63-A8C1-4EEC-BD2B-F24098B7918F}.Release|ARM.Deploy.0 = Release|Any CPU
		{A43C4C63-A8C1-4EEC-BD2B-F24098B7918F}.Release|iPhone.ActiveCfg = Release|Any CPU
		{A43C4C63-A8C1-4EEC-BD2B-F24098B7918F}.Release|iPhone.Build.0 = Release|Any CPU
		{A43C4C63-A8C1-4EEC-BD2B-F24098B7918F}.Release|iPhone.Deploy.0 = Release|Any CPU
		{A43C4C63-A8C1-4EEC-BD2B-F24098B7918F}.Release|iPhoneSimulator.ActiveCfg = Release|Any CPU
		{A43C4C63-A8C1-4EEC-BD2B-F24098B7918F}.Release|iPhoneSimulator.Build.0 = Release|Any CPU
		{A43C4C63-A8C1-4EEC-BD2B-F24098B7918F}.Release|iPhoneSimulator.Deploy.0 = Release|Any CPU
		{A43C4C63-A8C1-4EEC-BD2B-F24098B7918F}.Release|x64.ActiveCfg = Release|Any CPU
		{A43C4C63-A8C1-4EEC-BD2B-F24098B7918F}.Release|x64.Build.0 = Release|Any CPU
		{A43C4C63-A8C1-4EEC-BD2B-F24098B7918F}.Release|x64.Deploy.0 = Release|Any CPU
		{A43C4C63-A8C1-4EEC-BD2B-F24098B7918F}.Release|x86.ActiveCfg = Release|Any CPU
		{A43C4C63-A8C1-4EEC-BD2B-F24098B7918F}.Release|x86.Build.0 = Release|Any CPU
		{A43C4C63-A8C1-4EEC-BD2B-F24098B7918F}.Release|x86.Deploy.0 = Release|Any CPU
	EndGlobalSection
	GlobalSection(SolutionProperties) = preSolution
		HideSolutionNode = FALSE
	EndGlobalSection
	GlobalSection(ExtensibilityGlobals) = postSolution
		SolutionGuid = {247C485A-18F3-445C-9C75-45B7FFF53675}
	EndGlobalSection
EndGlobal
